
Microsoft Visual Studio Solution File, Format Version 12.00
# Visual Studio Version 17
VisualStudioVersion = 17.11.35327.3
MinimumVisualStudioVersion = 10.0.40219.1
Project("{FAE04EC0-301F-11D3-BF4B-00C04F79EFBC}") = "Login", "Login\Login.csproj", "{07FA1836-E976-478B-A472-D1AC335E7EA6}"
EndProject
Global
	GlobalSection(SolutionConfigurationPlatforms) = preSolution
		Debug|Any CPU = Debug|Any CPU
		Release|Any CPU = Release|Any CPU
	EndGlobalSection
	GlobalSection(ProjectConfigurationPlatforms) = postSolution
		{07FA1836-E976-478B-A472-D1AC335E7EA6}.Debug|Any CPU.ActiveCfg = Debug|Any CPU
		{07FA1836-E976-478B-A472-D1AC335E7EA6}.Debug|Any CPU.Build.0 = Debug|Any CPU
		{07FA1836-E976-478B-A472-D1AC335E7EA6}.Release|Any CPU.ActiveCfg = Release|Any CPU
		{07FA1836-E976-478B-A472-D1AC335E7EA6}.Release|Any CPU.Build.0 = Release|Any CPU
	EndGlobalSection
	GlobalSection(SolutionProperties) = preSolution
		HideSolutionNode = FALSE
	EndGlobalSection
	GlobalSection(ExtensibilityGlobals) = postSolution
		SolutionGuid = {D2496717-8D6B-4F2A-9238-FF3973237097}
	EndGlobalSection
EndGlobal
